
Microsoft Visual Studio Solution File, Format Version 12.00
# Visual Studio Version 17
VisualStudioVersion = 17.14.37314.3 d17.14
MinimumVisualStudioVersion = 10.0.40219.1
Project("{FAE04EC0-301F-11D3-BF4B-00C04F79EFBC}") = "TaskFlow API", "TaskFlow API.csproj", "{973FD56E-24F9-41B2-80AE-F6A1DBE3C613}"
EndProject
Global
	GlobalSection(SolutionConfigurationPlatforms) = preSolution
		Debug|Any CPU = Debug|Any CPU
		Release|Any CPU = Release|Any CPU
	EndGlobalSection
	GlobalSection(ProjectConfigurationPlatforms) = postSolution
		{973FD56E-24F9-41B2-80AE-F6A1DBE3C613}.Debug|Any CPU.ActiveCfg = Debug|Any CPU
		{973FD56E-24F9-41B2-80AE-F6A1DBE3C613}.Debug|Any CPU.Build.0 = Debug|Any CPU
		{973FD56E-24F9-41B2-80AE-F6A1DBE3C613}.Release|Any CPU.ActiveCfg = Release|Any CPU
		{973FD56E-24F9-41B2-80AE-F6A1DBE3C613}.Release|Any CPU.Build.0 = Release|Any CPU
	EndGlobalSection
	GlobalSection(SolutionProperties) = preSolution
		HideSolutionNode = FALSE
	EndGlobalSection
	GlobalSection(ExtensibilityGlobals) = postSolution
		SolutionGuid = {1F0F4A70-22EF-4972-B012-948B129F95BC}
	EndGlobalSection
EndGlobal
